# This file is automatically @generated by Poetry 2.1.1 and should not be changed by hand.

[[package]]
name = "py4j"
version = "0.10.9.7"
description = "Enables Python programs to dynamically access arbitrary Java objects"
optional = false
python-versions = "*"
groups = ["main"]
files = [
    {file = "py4j-0.10.9.7-py2.py3-none-any.whl", hash = "sha256:85defdfd2b2376eb3abf5ca6474b51ab7e0de341c75a02f46dc9b5976f5a5c1b"},
    {file = "py4j-0.10.9.7.tar.gz", hash = "sha256:0b6e5315bb3ada5cf62ac651d107bb2ebc02def3dee9d9548e3baac644ea8dbb"},
]

[[package]]
name = "pyspark"
version = "3.5.7"
description = "Apache Spark Python API"
optional = false
python-versions = ">=3.8"
groups = ["main"]
files = [
    {file = "pyspark-3.5.7.tar.gz", hash = "sha256:80e36514e0c5c126d35a26adf4f405cd4a69de96a8ea8a3c1e9a65fce2fb4eaa"},
]

[package.dependencies]
py4j = "0.10.9.7"

[package.extras]
connect = ["googleapis-common-protos (>=1.56.4)", "grpcio (>=1.56.0)", "grpcio-status (>=1.56.0)", "numpy (>=1.15,<2)", "pandas (>=1.0.5)", "pyarrow (>=4.0.0)"]
ml = ["numpy (>=1.15,<2)"]
mllib = ["numpy (>=1.15,<2)"]
pandas-on-spark = ["numpy (>=1.15,<2)", "pandas (>=1.0.5)", "pyarrow (>=4.0.0)"]
sql = ["numpy (>=1.15,<2)", "pandas (>=1.0.5)", "pyarrow (>=4.0.0)"]

[metadata]
lock-version = "2.1"
python-versions = ">=3.10"
content-hash = "014269263161d4cb85b1b449c807c6cee5c49ce97a27e374ea054a184c929cba"
